// !$*UTF8*$!
{
	archiveVersion = 1;
	classes = {
	};
	objectVersion = 50;
	objects = {

/* Begin PBXBuildFile section */
		2FA8D1A322281BF100BA7A2A /* AppDelegate.swift in Sources */ = {isa = PBXBuildFile; fileRef = 2FA8D1A222281BF100BA7A2A /* AppDelegate.swift */; };
		2FA8D1A522281BF100BA7A2A /* ViewController.swift in Sources */ = {isa = PBXBuildFile; fileRef = 2FA8D1A422281BF100BA7A2A /* ViewController.swift */; };
		2FA8D1A822281BF100BA7A2A /* Main.storyboard in Resources */ = {isa = PBXBuildFile; fileRef = 2FA8D1A622281BF100BA7A2A /* Main.storyboard */; };
		2FA8D1AA22281BF300BA7A2A /* Assets.xcassets in Resources */ = {isa = PBXBuildFile; fileRef = 2FA8D1A922281BF300BA7A2A /* Assets.xcassets */; };
		2FA8D1AD22281BF300BA7A2A /* LaunchScreen.storyboard in Resources */ = {isa = PBXBuildFile; fileRef = 2FA8D1AB22281BF300BA7A2A /* LaunchScreen.storyboard */; };
		2FA8D1B822281BF300BA7A2A /* FeedPOCTests.swift in Sources */ = {isa = PBXBuildFile; fileRef = 2FA8D1B722281BF300BA7A2A /* FeedPOCTests.swift */; };
		2FA8D1C322281BF300BA7A2A /* FeedPOCUITests.swift in Sources */ = {isa = PBXBuildFile; fileRef = 2FA8D1C222281BF300BA7A2A /* FeedPOCUITests.swift */; };
/* End PBXBuildFile section */

/* Begin PBXContainerItemProxy section */
		2FA8D1B422281BF300BA7A2A /* PBXContainerItemProxy */ = {
			isa = PBXContainerItemProxy;
			containerPortal = 2FA8D19722281BF100BA7A2A /* Project object */;
			proxyType = 1;
			remoteGlobalIDString = 2FA8D19E22281BF100BA7A2A;
			remoteInfo = FeedPOC;
		};
		2FA8D1BF22281BF300BA7A2A /* PBXContainerItemProxy */ = {
			isa = PBXContainerItemProxy;
			containerPortal = 2FA8D19722281BF100BA7A2A /* Project object */;
			proxyType = 1;
			remoteGlobalIDString = 2FA8D19E22281BF100BA7A2A;
			remoteInfo = FeedPOC;
		};
/* End PBXContainerItemProxy section */

/* Begin PBXFileReference section */
		2FA8D19F22281BF100BA7A2A /* FeedPOC.app */ = {isa = PBXFileReference; explicitFileType = wrapper.application; includeInIndex = 0; path = FeedPOC.app; sourceTree = BUILT_PRODUCTS_DIR; };
		2FA8D1A222281BF100BA7A2A /* AppDelegate.swift */ = {isa = PBXFileReference; lastKnownFileType = sourcecode.swift; path = AppDelegate.swift; sourceTree = "<group>"; };
		2FA8D1A422281BF100BA7A2A /* ViewController.swift */ = {isa = PBXFileReference; lastKnownFileType = sourcecode.swift; path = ViewController.swift; sourceTree = "<group>"; };
		2FA8D1A722281BF100BA7A2A /* Base */ = {isa = PBXFileReference; lastKnownFileType = file.storyboard; name = Base; path = Base.lproj/Main.storyboard; sourceTree = "<group>"; };
		2FA8D1A922281BF300BA7A2A /* Assets.xcassets */ = {isa = PBXFileReference; lastKnownFileType = folder.assetcatalog; path = Assets.xcassets; sourceTree = "<group>"; };
		2FA8D1AC22281BF300BA7A2A /* Base */ = {isa = PBXFileReference; lastKnownFileType = file.storyboard; name = Base; path = Base.lproj/LaunchScreen.storyboard; sourceTree = "<group>"; };
		2FA8D1AE22281BF300BA7A2A /* Info.plist */ = {isa = PBXFileReference; lastKnownFileType = text.plist.xml; path = Info.plist; sourceTree = "<group>"; };
		2FA8D1B322281BF300BA7A2A /* FeedPOCTests.xctest */ = {isa = PBXFileReference; explicitFileType = wrapper.cfbundle; includeInIndex = 0; path = FeedPOCTests.xctest; sourceTree = BUILT_PRODUCTS_DIR; };
		2FA8D1B722281BF300BA7A2A /* FeedPOCTests.swift */ = {isa = PBXFileReference; lastKnownFileType = sourcecode.swift; path = FeedPOCTests.swift; sourceTree = "<group>"; };
		2FA8D1B922281BF300BA7A2A /* Info.plist */ = {isa = PBXFileReference; lastKnownFileType = text.plist.xml; path = Info.plist; sourceTree = "<group>"; };
		2FA8D1BE22281BF300BA7A2A /* FeedPOCUITests.xctest */ = {isa = PBXFileReference; explicitFileType = wrapper.cfbundle; includeInIndex = 0; path = FeedPOCUITests.xctest; sourceTree = BUILT_PRODUCTS_DIR; };
		2FA8D1C222281BF300BA7A2A /* FeedPOCUITests.swift */ = {isa = PBXFileReference; lastKnownFileType = sourcecode.swift; path = FeedPOCUITests.swift; sourceTree = "<group>"; };
		2FA8D1C422281BF300BA7A2A /* Info.plist */ = {isa = PBXFileReference; lastKnownFileType = text.plist.xml; path = Info.plist; sourceTree = "<group>"; };
/* End PBXFileReference section */

/* Begin PBXFrameworksBuildPhase section */
		2FA8D19C22281BF100BA7A2A /* Frameworks */ = {
			isa = PBXFrameworksBuildPhase;
			buildActionMask = 2147483647;
			files = (
			);
			runOnlyForDeploymentPostprocessing = 0;
		};
		2FA8D1B022281BF300BA7A2A /* Frameworks */ = {
			isa = PBXFrameworksBuildPhase;
			buildActionMask = 2147483647;
			files = (
			);
			runOnlyForDeploymentPostprocessing = 0;
		};
		2FA8D1BB22281BF300BA7A2A /* Frameworks */ = {
			isa = PBXFrameworksBuildPhase;
			buildActionMask = 2147483647;
			files = (
			);
			runOnlyForDeploymentPostprocessing = 0;
		};
/* End PBXFrameworksBuildPhase section */

/* Begin PBXGroup section */
		2FA8D19622281BF100BA7A2A = {
			isa = PBXGroup;
			children = (
				2FA8D1A122281BF100BA7A2A /* FeedPOC */,
				2FA8D1B622281BF300BA7A2A /* FeedPOCTests */,
				2FA8D1C122281BF300BA7A2A /* FeedPOCUITests */,
				2FA8D1A022281BF100BA7A2A /* Products */,
			);
			sourceTree = "<group>";
		};
		2FA8D1A022281BF100BA7A2A /* Products */ = {
			isa = PBXGroup;
			children = (
				2FA8D19F22281BF100BA7A2A /* FeedPOC.app */,
				2FA8D1B322281BF300BA7A2A /* FeedPOCTests.xctest */,
				2FA8D1BE22281BF300BA7A2A /* FeedPOCUITests.xctest */,
			);
			name = Products;
			sourceTree = "<group>";
		};
		2FA8D1A122281BF100BA7A2A /* FeedPOC */ = {
			isa = PBXGroup;
			children = (
				2FA8D1A222281BF100BA7A2A /* AppDelegate.swift */,
				2FA8D1A422281BF100BA7A2A /* ViewController.swift */,
				2FA8D1A622281BF100BA7A2A /* Main.storyboard */,
				2FA8D1A922281BF300BA7A2A /* Assets.xcassets */,
				2FA8D1AB22281BF300BA7A2A /* LaunchScreen.storyboard */,
				2FA8D1AE22281BF300BA7A2A /* Info.plist */,
			);
			path = FeedPOC;
			sourceTree = "<group>";
		};
		2FA8D1B622281BF300BA7A2A /* FeedPOCTests */ = {
			isa = PBXGroup;
			children = (
				2FA8D1B722281BF300BA7A2A /* FeedPOCTests.swift */,
				2FA8D1B922281BF300BA7A2A /* Info.plist */,
			);
			path = FeedPOCTests;
			sourceTree = "<group>";
		};
		2FA8D1C122281BF300BA7A2A /* FeedPOCUITests */ = {
			isa = PBXGroup;
			children = (
				2FA8D1C222281BF300BA7A2A /* FeedPOCUITests.swift */,
				2FA8D1C422281BF300BA7A2A /* Info.plist */,
			);
			path = FeedPOCUITests;
			sourceTree = "<group>";
		};
/* End PBXGroup section */

/* Begin PBXNativeTarget section */
		2FA8D19E22281BF100BA7A2A /* FeedPOC */ = {
			isa = PBXNativeTarget;
			buildConfigurationList = 2FA8D1C722281BF300BA7A2A /* Build configuration list for PBXNativeTarget "FeedPOC" */;
			buildPhases = (
				2FA8D19B22281BF100BA7A2A /* Sources */,
				2FA8D19C22281BF100BA7A2A /* Frameworks */,
				2FA8D19D22281BF100BA7A2A /* Resources */,
			);
			buildRules = (
			);
			dependencies = (
			);
			name = FeedPOC;
			productName = FeedPOC;
			productReference = 2FA8D19F22281BF100BA7A2A /* FeedPOC.app */;
			productType = "com.apple.product-type.application";
		};
		2FA8D1B222281BF300BA7A2A /* FeedPOCTests */ = {
			isa = PBXNativeTarget;
			buildConfigurationList = 2FA8D1CA22281BF300BA7A2A /* Build configuration list for PBXNativeTarget "FeedPOCTests" */;
			buildPhases = (
				2FA8D1AF22281BF300BA7A2A /* Sources */,
				2FA8D1B022281BF300BA7A2A /* Frameworks */,
				2FA8D1B122281BF300BA7A2A /* Resources */,
			);
			buildRules = (
			);
			dependencies = (
				2FA8D1B522281BF300BA7A2A /* PBXTargetDependency */,
			);
			name = FeedPOCTests;
			productName = FeedPOCTests;
			productReference = 2FA8D1B322281BF300BA7A2A /* FeedPOCTests.xctest */;
			productType = "com.apple.product-type.bundle.unit-test";
		};
		2FA8D1BD22281BF300BA7A2A /* FeedPOCUITests */ = {
			isa = PBXNativeTarget;
			buildConfigurationList = 2FA8D1CD22281BF300BA7A2A /* Build configuration list for PBXNativeTarget "FeedPOCUITests" */;
			buildPhases = (
				2FA8D1BA22281BF300BA7A2A /* Sources */,
				2FA8D1BB22281BF300BA7A2A /* Frameworks */,
				2FA8D1BC22281BF300BA7A2A /* Resources */,
			);
			buildRules = (
			);
			dependencies = (
				2FA8D1C022281BF300BA7A2A /* PBXTargetDependency */,
			);
			name = FeedPOCUITests;
			productName = FeedPOCUITests;
			productReference = 2FA8D1BE22281BF300BA7A2A /* FeedPOCUITests.xctest */;
			productType = "com.apple.product-type.bundle.ui-testing";
		};
/* End PBXNativeTarget section */

/* Begin PBXProject section */
		2FA8D19722281BF100BA7A2A /* Project object */ = {
			isa = PBXProject;
			attributes = {
				LastSwiftUpdateCheck = 1010;
				LastUpgradeCheck = 1010;
				ORGANIZATIONNAME = "pratap shaik";
				TargetAttributes = {
					2FA8D19E22281BF100BA7A2A = {
						CreatedOnToolsVersion = 10.1;
					};
					2FA8D1B222281BF300BA7A2A = {
						CreatedOnToolsVersion = 10.1;
						TestTargetID = 2FA8D19E22281BF100BA7A2A;
					};
					2FA8D1BD22281BF300BA7A2A = {
						CreatedOnToolsVersion = 10.1;
						TestTargetID = 2FA8D19E22281BF100BA7A2A;
					};
				};
			};
			buildConfigurationList = 2FA8D19A22281BF100BA7A2A /* Build configuration list for PBXProject "FeedPOC" */;
			compatibilityVersion = "Xcode 9.3";
			developmentRegion = en;
			hasScannedForEncodings = 0;
			knownRegions = (
				en,
				Base,
			);
			mainGroup = 2FA8D19622281BF100BA7A2A;
			productRefGroup = 2FA8D1A022281BF100BA7A2A /* Products */;
			projectDirPath = "";
			projectRoot = "";
			targets = (
				2FA8D19E22281BF100BA7A2A /* FeedPOC */,
				2FA8D1B222281BF300BA7A2A /* FeedPOCTests */,
				2FA8D1BD22281BF300BA7A2A /* FeedPOCUITests */,
			);
		};
/* End PBXProject section */

/* Begin PBXResourcesBuildPhase section */
		2FA8D19D22281BF100BA7A2A /* Resources */ = {
			isa = PBXResourcesBuildPhase;
			buildActionMask = 2147483647;
			files = (
				2FA8D1AD22281BF300BA7A2A /* LaunchScreen.storyboard in Resources */,
				2FA8D1AA22281BF300BA7A2A /* Assets.xcassets in Resources */,
				2FA8D1A822281BF100BA7A2A /* Main.storyboard in Resources */,
			);
			runOnlyForDeploymentPostprocessing = 0;
		};
		2FA8D1B122281BF300BA7A2A /* Resources */ = {
			isa = PBXResourcesBuildPhase;
			buildActionMask = 2147483647;
			files = (
			);
			runOnlyForDeploymentPostprocessing = 0;
		};
		2FA8D1BC22281BF300BA7A2A /* Resources */ = {
			isa = PBXResourcesBuildPhase;
			buildActionMask = 2147483647;
			files = (
			);
			runOnlyForDeploymentPostprocessing = 0;
		};
/* End PBXResourcesBuildPhase section */

/* Begin PBXSourcesBuildPhase section */
		2FA8D19B22281BF100BA7A2A /* Sources */ = {
			isa = PBXSourcesBuildPhase;
			buildActionMask = 2147483647;
			files = (
				2FA8D1A522281BF100BA7A2A /* ViewController.swift in Sources */,
				2FA8D1A322281BF100BA7A2A /* AppDelegate.swift in Sources */,
			);
			runOnlyForDeploymentPostprocessing = 0;
		};
		2FA8D1AF22281BF300BA7A2A /* Sources */ = {
			isa = PBXSourcesBuildPhase;
			buildActionMask = 2147483647;
			files = (
				2FA8D1B822281BF300BA7A2A /* FeedPOCTests.swift in Sources */,
			);
			runOnlyForDeploymentPostprocessing = 0;
		};
		2FA8D1BA22281BF300BA7A2A /* Sources */ = {
			isa = PBXSourcesBuildPhase;
			buildActionMask = 2147483647;
			files = (
				2FA8D1C322281BF300BA7A2A /* FeedPOCUITests.swift in Sources */,
			);
			runOnlyForDeploymentPostprocessing = 0;
		};
/* End PBXSourcesBuildPhase section */

/* Begin PBXTargetDependency section */
		2FA8D1B522281BF300BA7A2A /* PBXTargetDependency */ = {
			isa = PBXTargetDependency;
			target = 2FA8D19E22281BF100BA7A2A /* FeedPOC */;
			targetProxy = 2FA8D1B422281BF300BA7A2A /* PBXContainerItemProxy */;
		};
		2FA8D1C022281BF300BA7A2A /* PBXTargetDependency */ = {
			isa = PBXTargetDependency;
			target = 2FA8D19E22281BF100BA7A2A /* FeedPOC */;
			targetProxy = 2FA8D1BF22281BF300BA7A2A /* PBXContainerItemProxy */;
		};
/* End PBXTargetDependency section */

/* Begin PBXVariantGroup section */
		2FA8D1A622281BF100BA7A2A /* Main.storyboard */ = {
			isa = PBXVariantGroup;
			children = (
				2FA8D1A722281BF100BA7A2A /* Base */,
			);
			name = Main.storyboard;
			sourceTree = "<group>";
		};
		2FA8D1AB22281BF300BA7A2A /* LaunchScreen.storyboard */ = {
			isa = PBXVariantGroup;
			children = (
				2FA8D1AC22281BF300BA7A2A /* Base */,
			);
			name = LaunchScreen.storyboard;
			sourceTree = "<group>";
		};
/* End PBXVariantGroup section */

/* Begin XCBuildConfiguration section */
		2FA8D1C522281BF300BA7A2A /* Debug */ = {
			isa = XCBuildConfiguration;
			buildSettings = {
				ALWAYS_SEARCH_USER_PATHS = NO;
				CLANG_ANALYZER_NONNULL = YES;
				CLANG_ANALYZER_NUMBER_OBJECT_CONVERSION = YES_AGGRESSIVE;
				CLANG_CXX_LANGUAGE_STANDARD = "gnu++14";
				CLANG_CXX_LIBRARY = "libc++";
				CLANG_ENABLE_MODULES = YES;
				CLANG_ENABLE_OBJC_ARC = YES;
				CLANG_ENABLE_OBJC_WEAK = YES;
				CLANG_WARN_BLOCK_CAPTURE_AUTORELEASING = YES;
				CLANG_WARN_BOOL_CONVERSION = YES;
				CLANG_WARN_COMMA = YES;
				CLANG_WARN_CONSTANT_CONVERSION = YES;
				CLANG_WARN_DEPRECATED_OBJC_IMPLEMENTATIONS = YES;
				CLANG_WARN_DIRECT_OBJC_ISA_USAGE = YES_ERROR;
				CLANG_WARN_DOCUMENTATION_COMMENTS = YES;
				CLANG_WARN_EMPTY_BODY = YES;
				CLANG_WARN_ENUM_CONVERSION = YES;
				CLANG_WARN_INFINITE_RECURSION = YES;
				CLANG_WARN_INT_CONVERSION = YES;
				CLANG_WARN_NON_LITERAL_NULL_CONVERSION = YES;
				CLANG_WARN_OBJC_IMPLICIT_RETAIN_SELF = YES;
				CLANG_WARN_OBJC_LITERAL_CONVERSION = YES;
				CLANG_WARN_OBJC_ROOT_CLASS = YES_ERROR;
				CLANG_WARN_RANGE_LOOP_ANALYSIS = YES;
				CLANG_WARN_STRICT_PROTOTYPES = YES;
				CLANG_WARN_SUSPICIOUS_MOVE = YES;
				CLANG_WARN_UNGUARDED_AVAILABILITY = YES_AGGRESSIVE;
				CLANG_WARN_UNREACHABLE_CODE = YES;
				CLANG_WARN__DUPLICATE_METHOD_MATCH = YES;
				CODE_SIGN_IDENTITY = "iPhone Developer";
				COPY_PHASE_STRIP = NO;
				DEBUG_INFORMATION_FORMAT = dwarf;
				ENABLE_STRICT_OBJC_MSGSEND = YES;
				ENABLE_TESTABILITY = YES;
				GCC_C_LANGUAGE_STANDARD = gnu11;
				GCC_DYNAMIC_NO_PIC = NO;
				GCC_NO_COMMON_BLOCKS = YES;
				GCC_OPTIMIZATION_LEVEL = 0;
				GCC_PREPROCESSOR_DEFINITIONS = (
					"DEBUG=1",
					"$(inherited)",
				);
				GCC_WARN_64_TO_32_BIT_CONVERSION = YES;
				GCC_WARN_ABOUT_RETURN_TYPE = YES_ERROR;
				GCC_WARN_UNDECLARED_SELECTOR = YES;
				GCC_WARN_UNINITIALIZED_AUTOS = YES_AGGRESSIVE;
				GCC_WARN_UNUSED_FUNCTION = YES;
				GCC_WARN_UNUSED_VARIABLE = YES;
				IPHONEOS_DEPLOYMENT_TARGET = 12.1;
				MTL_ENABLE_DEBUG_INFO = INCLUDE_SOURCE;
				MTL_FAST_MATH = YES;
				ONLY_ACTIVE_ARCH = YES;
				SDKROOT = iphoneos;
				SWIFT_ACTIVE_COMPILATION_CONDITIONS = DEBUG;
				SWIFT_OPTIMIZATION_LEVEL = "-Onone";
			};
			name = Debug;
		};
		2FA8D1C622281BF300BA7A2A /* Release */ = {
			isa = XCBuildConfiguration;
			buildSettings = {
				ALWAYS_SEARCH_USER_PATHS = NO;
				CLANG_ANALYZER_NONNULL = YES;
				CLANG_ANALYZER_NUMBER_OBJECT_CONVERSION = YES_AGGRESSIVE;
				CLANG_CXX_LANGUAGE_STANDARD = "gnu++14";
				CLANG_CXX_LIBRARY = "libc++";
				CLANG_ENABLE_MODULES = YES;
				CLANG_ENABLE_OBJC_ARC = YES;
				CLANG_ENABLE_OBJC_WEAK = YES;
				CLANG_WARN_BLOCK_CAPTURE_AUTORELEASING = YES;
				CLANG_WARN_BOOL_CONVERSION = YES;
				CLANG_WARN_COMMA = YES;
				CLANG_WARN_CONSTANT_CONVERSION = YES;
				CLANG_WARN_DEPRECATED_OBJC_IMPLEMENTATIONS = YES;
				CLANG_WARN_DIRECT_OBJC_ISA_USAGE = YES_ERROR;
				CLANG_WARN_DOCUMENTATION_COMMENTS = YES;
				CLANG_WARN_EMPTY_BODY = YES;
				CLANG_WARN_ENUM_CONVERSION = YES;
				CLANG_WARN_INFINITE_RECURSION = YES;
				CLANG_WARN_INT_CONVERSION = YES;
				CLANG_WARN_NON_LITERAL_NULL_CONVERSION = YES;
				CLANG_WARN_OBJC_IMPLICIT_RETAIN_SELF = YES;
				CLANG_WARN_OBJC_LITERAL_CONVERSION = YES;
				CLANG_WARN_OBJC_ROOT_CLASS = YES_ERROR;
				CLANG_WARN_RANGE_LOOP_ANALYSIS = YES;
				CLANG_WARN_STRICT_PROTOTYPES = YES;
				CLANG_WARN_SUSPICIOUS_MOVE = YES;
				CLANG_WARN_UNGUARDED_AVAILABILITY = YES_AGGRESSIVE;
				CLANG_WARN_UNREACHABLE_CODE = YES;
				CLANG_WARN__DUPLICATE_METHOD_MATCH = YES;
				CODE_SIGN_IDENTITY = "iPhone Developer";
				COPY_PHASE_STRIP = NO;
				DEBUG_INFORMATION_FORMAT = "dwarf-with-dsym";
				ENABLE_NS_ASSERTIONS = NO;
				ENABLE_STRICT_OBJC_MSGSEND = YES;
				GCC_C_LANGUAGE_STANDARD = gnu11;
				GCC_NO_COMMON_BLOCKS = YES;
				GCC_WARN_64_TO_32_BIT_CONVERSION = YES;
				GCC_WARN_ABOUT_RETURN_TYPE = YES_ERROR;
				GCC_WARN_UNDECLARED_SELECTOR = YES;
				GCC_WARN_UNINITIALIZED_AUTOS = YES_AGGRESSIVE;
				GCC_WARN_UNUSED_FUNCTION = YES;
				GCC_WARN_UNUSED_VARIABLE = YES;
				IPHONEOS_DEPLOYMENT_TARGET = 12.1;
				MTL_ENABLE_DEBUG_INFO = NO;
				MTL_FAST_MATH = YES;
				SDKROOT = iphoneos;
				SWIFT_COMPILATION_MODE = wholemodule;
				SWIFT_OPTIMIZATION_LEVEL = "-O";
				VALIDATE_PRODUCT = YES;
			};
			name = Release;
		};
		2FA8D1C822281BF300BA7A2A /* Debug */ = {
			isa = XCBuildConfiguration;
			buildSettings = {
				ASSETCATALOG_COMPILER_APPICON_NAME = AppIcon;
				CODE_SIGN_STYLE = Automatic;
				INFOPLIST_FILE = FeedPOC/Info.plist;
				LD_RUNPATH_SEARCH_PATHS = (
					"$(inherited)",
					"@executable_path/Frameworks",
				);
				PRODUCT_BUNDLE_IDENTIFIER = com.pratap.shaik.FeedPOC;
				PRODUCT_NAME = "$(TARGET_NAME)";
				SWIFT_VERSION = 4.2;
				TARGETED_DEVICE_FAMILY = "1,2";
			};
			name = Debug;
		};
		2FA8D1C922281BF300BA7A2A /* Release */ = {
			isa = XCBuildConfiguration;
			buildSettings = {
				ASSETCATALOG_COMPILER_APPICON_NAME = AppIcon;
				CODE_SIGN_STYLE = Automatic;
				INFOPLIST_FILE = FeedPOC/Info.plist;
				LD_RUNPATH_SEARCH_PATHS = (
					"$(inherited)",
					"@executable_path/Frameworks",
				);
				PRODUCT_BUNDLE_IDENTIFIER = com.pratap.shaik.FeedPOC;
				PRODUCT_NAME = "$(TARGET_NAME)";
				SWIFT_VERSION = 4.2;
				TARGETED_DEVICE_FAMILY = "1,2";
			};
			name = Release;
		};
		2FA8D1CB22281BF300BA7A2A /* Debug */ = {
			isa = XCBuildConfiguration;
			buildSettings = {
				ALWAYS_EMBED_SWIFT_STANDARD_LIBRARIES = YES;
				BUNDLE_LOADER = "$(TEST_HOST)";
				CODE_SIGN_STYLE = Automatic;
				INFOPLIST_FILE = FeedPOCTests/Info.plist;
				LD_RUNPATH_SEARCH_PATHS = (
					"$(inherited)",
					"@executable_path/Frameworks",
					"@loader_path/Frameworks",
				);
				PRODUCT_BUNDLE_IDENTIFIER = com.pratap.shaik.FeedPOCTests;
				PRODUCT_NAME = "$(TARGET_NAME)";
				SWIFT_VERSION = 4.2;
				TARGETED_DEVICE_FAMILY = "1,2";
				TEST_HOST = "$(BUILT_PRODUCTS_DIR)/FeedPOC.app/FeedPOC";
			};
			name = Debug;
		};
		2FA8D1CC22281BF300BA7A2A /* Release */ = {
			isa = XCBuildConfiguration;
			buildSettings = {
				ALWAYS_EMBED_SWIFT_STANDARD_LIBRARIES = YES;
				BUNDLE_LOADER = "$(TEST_HOST)";
				CODE_SIGN_STYLE = Automatic;
				INFOPLIST_FILE = FeedPOCTests/Info.plist;
				LD_RUNPATH_SEARCH_PATHS = (
					"$(inherited)",
					"@executable_path/Frameworks",
					"@loader_path/Frameworks",
				);
				PRODUCT_BUNDLE_IDENTIFIER = com.pratap.shaik.FeedPOCTests;
				PRODUCT_NAME = "$(TARGET_NAME)";
				SWIFT_VERSION = 4.2;
				TARGETED_DEVICE_FAMILY = "1,2";
				TEST_HOST = "$(BUILT_PRODUCTS_DIR)/FeedPOC.app/FeedPOC";
			};
			name = Release;
		};
		2FA8D1CE22281BF300BA7A2A /* Debug */ = {
			isa = XCBuildConfiguration;
			buildSettings = {
				ALWAYS_EMBED_SWIFT_STANDARD_LIBRARIES = YES;
				CODE_SIGN_STYLE = Automatic;
				INFOPLIST_FILE = FeedPOCUITests/Info.plist;
				LD_RUNPATH_SEARCH_PATHS = (
					"$(inherited)",
					"@executable_path/Frameworks",
					"@loader_path/Frameworks",
				);
				PRODUCT_BUNDLE_IDENTIFIER = com.pratap.shaik.FeedPOCUITests;
				PRODUCT_NAME = "$(TARGET_NAME)";
				SWIFT_VERSION = 4.2;
				TARGETED_DEVICE_FAMILY = "1,2";
				TEST_TARGET_NAME = FeedPOC;
			};
			name = Debug;
		};
		2FA8D1CF22281BF300BA7A2A /* Release */ = {
			isa = XCBuildConfiguration;
			buildSettings = {
				ALWAYS_EMBED_SWIFT_STANDARD_LIBRARIES = YES;
				CODE_SIGN_STYLE = Automatic;
				INFOPLIST_FILE = FeedPOCUITests/Info.plist;
				LD_RUNPATH_SEARCH_PATHS = (
					"$(inherited)",
					"@executable_path/Frameworks",
					"@loader_path/Frameworks",
				);
				PRODUCT_BUNDLE_IDENTIFIER = com.pratap.shaik.FeedPOCUITests;
				PRODUCT_NAME = "$(TARGET_NAME)";
				SWIFT_VERSION = 4.2;
				TARGETED_DEVICE_FAMILY = "1,2";
				TEST_TARGET_NAME = FeedPOC;
			};
			name = Release;
		};
/* End XCBuildConfiguration section */

/* Begin XCConfigurationList section */
		2FA8D19A22281BF100BA7A2A /* Build configuration list for PBXProject "FeedPOC" */ = {
			isa = XCConfigurationList;
			buildConfigurations = (
				2FA8D1C522281BF300BA7A2A /* Debug */,
				2FA8D1C622281BF300BA7A2A /* Release */,
			);
			defaultConfigurationIsVisible = 0;
			defaultConfigurationName = Release;
		};
		2FA8D1C722281BF300BA7A2A /* Build configuration list for PBXNativeTarget "FeedPOC" */ = {
			isa = XCConfigurationList;
			buildConfigurations = (
				2FA8D1C822281BF300BA7A2A /* Debug */,
				2FA8D1C922281BF300BA7A2A /* Release */,
			);
			defaultConfigurationIsVisible = 0;
			defaultConfigurationName = Release;
		};
		2FA8D1CA22281BF300BA7A2A /* Build configuration list for PBXNativeTarget "FeedPOCTests" */ = {
			isa = XCConfigurationList;
			buildConfigurations = (
				2FA8D1CB22281BF300BA7A2A /* Debug */,
				2FA8D1CC22281BF300BA7A2A /* Release */,
			);
			defaultConfigurationIsVisible = 0;
			defaultConfigurationName = Release;
		};
		2FA8D1CD22281BF300BA7A2A /* Build configuration list for PBXNativeTarget "FeedPOCUITests" */ = {
			isa = XCConfigurationList;
			buildConfigurations = (
				2FA8D1CE22281BF300BA7A2A /* Debug */,
				2FA8D1CF22281BF300BA7A2A /* Release */,
			);
			defaultConfigurationIsVisible = 0;
			defaultConfigurationName = Release;
		};
/* End XCConfigurationList section */
	};
	rootObject = 2FA8D19722281BF100BA7A2A /* Project object */;
}
